# This is a Gradle generated file for dependency locking.
# Manual edits can break the build and are not advised.
# This file is expected to be part of source control.
androidx.activity:activity-ktx:1.12.4=betaDebugRuntimeClasspath,betaProfileRuntimeClasspath,betaReleaseRuntimeClasspath,productionDebugRuntimeClasspath,productionProfileRuntimeClasspath,productionReleaseRuntimeClasspath
androidx.activity:activity:1.12.4=betaDebugCompileClasspath,betaDebugRuntimeClasspath,betaProfileCompileClasspath,betaProfileRuntimeClasspath,betaReleaseCompileClasspath,betaReleaseRuntimeClasspath,productionDebugCompileClasspath,productionDebugRuntimeClasspath,productionProfileCompileClasspath,productionProfileRuntimeClasspath,productionReleaseCompileClasspath,productionReleaseRuntimeClasspath
androidx.annotation:annotation-experimental:1.4.1=betaDebugCompileClasspath,betaDebugRuntimeClasspath,betaProfileCompileClasspath,betaProfileRuntimeClasspath,betaReleaseCompileClasspath,betaReleaseRuntimeClasspath,productionDebugCompileClasspath,productionDebugRuntimeClasspath,productionProfileCompileClasspath,productionProfileRuntimeClasspath,productionReleaseCompileClasspath,productionReleaseRuntimeClasspath
androidx.annotation:annotation-jvm:1.10.0=betaDebugCompileClasspath,betaDebugRuntimeClasspath,betaProfileCompileClasspath,betaProfileRuntimeClasspath,betaReleaseCompileClasspath,betaReleaseRuntimeClasspath,productionDebugCompileClasspath,productionDebugRuntimeClasspath,productionProfileCompileClasspath,productionProfileRuntimeClasspath,productionReleaseCompileClasspath,productionReleaseRuntimeClasspath
androidx.annotation:annotation:1.10.0=betaDebugCompileClasspath,betaDebugRuntimeClasspath,betaProfileCompileClasspath,betaProfileRuntimeClasspath,betaReleaseCompileClasspath,betaReleaseRuntimeClasspath,productionDebugCompileClasspath,productionDebugRuntimeClasspath,productionProfileCompileClasspath,productionProfileRuntimeClasspath,productionReleaseCompileClasspath,productionReleaseRuntimeClasspath
androidx.appcompat:appcompat-resources:1.1.0=betaDebugRuntimeClasspath,betaProfileRuntimeClasspath,betaReleaseRuntimeClasspath,productionDebugRuntimeClasspath,productionProfileRuntimeClasspath,productionReleaseRuntimeClasspath
androidx.appcompat:appcompat:1.1.0=betaDebugRuntimeClasspath,betaProfileRuntimeClasspath,betaReleaseRuntimeClasspath,productionDebugRuntimeClasspath,productionProfileRuntimeClasspath,productionReleaseRuntimeClasspath
androidx.arch.core:core-common:2.2.0=betaDebugCompileClasspath,betaDebugRuntimeClasspath,betaProfileCompileClasspath,betaProfileRuntimeClasspath,betaReleaseCompileClasspath,betaReleaseRuntimeClasspath,productionDebugCompileClasspath,productionDebugRuntimeClasspath,productionProfileCompileClasspath,productionProfileRuntimeClasspath,productionReleaseCompileClasspath,productionReleaseRuntimeClasspath
androidx.arch.core:core-runtime:2.2.0=betaDebugRuntimeClasspath,betaProfileRuntimeClasspath,betaReleaseRuntimeClasspath,productionDebugRuntimeClasspath,productionProfileRuntimeClasspath,productionReleaseRuntimeClasspath
androidx.asynclayoutinflater:asynclayoutinflater:1.0.0=betaDebugRuntimeClasspath,betaProfileRuntimeClasspath,betaReleaseRuntimeClasspath,productionDebugRuntimeClasspath,productionProfileRuntimeClasspath,productionReleaseRuntimeClasspath
androidx.browser:browser:1.9.0=betaDebugRuntimeClasspath,betaProfileRuntimeClasspath,betaReleaseRuntimeClasspath,productionDebugRuntimeClasspath,productionProfileRuntimeClasspath,productionReleaseRuntimeClasspath
androidx.camera.featurecombinationquery:featurecombinationquery:1.6.1=betaDebugRuntimeClasspath,betaProfileRuntimeClasspath,betaReleaseRuntimeClasspath,productionDebugRuntimeClasspath,productionProfileRuntimeClasspath,productionReleaseRuntimeClasspath
androidx.camera:camera-camera2-pipe:1.6.1=betaDebugRuntimeClasspath,betaProfileRuntimeClasspath,betaReleaseRuntimeClasspath,productionDebugRuntimeClasspath,productionProfileRuntimeClasspath,productionReleaseRuntimeClasspath
androidx.camera:camera-camera2:1.6.1=betaDebugRuntimeClasspath,betaProfileRuntimeClasspath,betaReleaseRuntimeClasspath,productionDebugRuntimeClasspath,productionProfileRuntimeClasspath,productionReleaseRuntimeClasspath
androidx.camera:camera-core:1.6.1=betaDebugRuntimeClasspath,betaProfileRuntimeClasspath,betaReleaseRuntimeClasspath,productionDebugRuntimeClasspath,productionProfileRuntimeClasspath,productionReleaseRuntimeClasspath
androidx.camera:camera-lifecycle:1.6.1=betaDebugRuntimeClasspath,betaProfileRuntimeClasspath,betaReleaseRuntimeClasspath,productionDebugRuntimeClasspath,productionProfileRuntimeClasspath,productionReleaseRuntimeClasspath
androidx.camera:camera-video:1.6.1=betaDebugRuntimeClasspath,betaProfileRuntimeClasspath,betaReleaseRuntimeClasspath,productionDebugRuntimeClasspath,productionProfileRuntimeClasspath,productionReleaseRuntimeClasspath
androidx.collection:collection-jvm:1.4.2=betaDebugCompileClasspath,betaDebugRuntimeClasspath,betaProfileCompileClasspath,betaProfileRuntimeClasspath,betaReleaseCompileClasspath,betaReleaseRuntimeClasspath,productionDebugCompileClasspath,productionDebugRuntimeClasspath,productionProfileCompileClasspath,productionProfileRuntimeClasspath,productionReleaseCompileClasspath,productionReleaseRuntimeClasspath
androidx.collection:collection-ktx:1.4.2=betaDebugRuntimeClasspath,betaProfileRuntimeClasspath,betaReleaseRuntimeClasspath,productionDebugRuntimeClasspath,productionProfileRuntimeClasspath,productionReleaseRuntimeClasspath
androidx.collection:collection:1.4.2=betaDebugCompileClasspath,betaDebugRuntimeClasspath,betaProfileCompileClasspath,betaProfileRuntimeClasspath,betaReleaseCompileClasspath,betaReleaseRuntimeClasspath,productionDebugCompileClasspath,productionDebugRuntimeClasspath,productionProfileCompileClasspath,productionProfileRuntimeClasspath,productionReleaseCompileClasspath,productionReleaseRuntimeClasspath
androidx.compose.runtime:runtime-annotation-android:1.9.0=betaDebugCompileClasspath,betaDebugRuntimeClasspath,betaProfileCompileClasspath,betaProfileRuntimeClasspath,betaReleaseCompileClasspath,betaReleaseRuntimeClasspath,productionDebugCompileClasspath,productionDebugRuntimeClasspath,productionProfileCompileClasspath,productionProfileRuntimeClasspath,productionReleaseCompileClasspath,productionReleaseRuntimeClasspath
androidx.compose.runtime:runtime-annotation:1.9.0=betaDebugCompileClasspath,betaDebugRuntimeClasspath,betaProfileCompileClasspath,betaProfileRuntimeClasspath,betaReleaseCompileClasspath,betaReleaseRuntimeClasspath,productionDebugCompileClasspath,productionDebugRuntimeClasspath,productionProfileCompileClasspath,productionProfileRuntimeClasspath,productionReleaseCompileClasspath,productionReleaseRuntimeClasspath
androidx.concurrent:concurrent-futures-ktx:1.1.0=betaDebugRuntimeClasspath,betaProfileRuntimeClasspath,betaReleaseRuntimeClasspath,productionDebugRuntimeClasspath,productionProfileRuntimeClasspath,productionReleaseRuntimeClasspath
androidx.concurrent:concurrent-futures:1.1.0=betaDebugRuntimeClasspath,betaProfileRuntimeClasspath,betaReleaseRuntimeClasspath,productionDebugRuntimeClasspath,productionProfileRuntimeClasspath,productionReleaseRuntimeClasspath
androidx.coordinatorlayout:coordinatorlayout:1.0.0=betaDebugRuntimeClasspath,betaProfileRuntimeClasspath,betaReleaseRuntimeClasspath,productionDebugRuntimeClasspath,productionProfileRuntimeClasspath,productionReleaseRuntimeClasspath
androidx.core:core-backported-fixes:1.0.0=betaDebugRuntimeClasspath,betaProfileRuntimeClasspath,betaReleaseRuntimeClasspath,productionDebugRuntimeClasspath,productionProfileRuntimeClasspath,productionReleaseRuntimeClasspath
androidx.core:core-ktx:1.18.0=betaDebugCompileClasspath,betaDebugRuntimeClasspath,betaProfileCompileClasspath,betaProfileRuntimeClasspath,betaReleaseCompileClasspath,betaReleaseRuntimeClasspath,productionDebugCompileClasspath,productionDebugRuntimeClasspath,productionProfileCompileClasspath,productionProfileRuntimeClasspath,productionReleaseCompileClasspath,productionReleaseRuntimeClasspath
androidx.core:core-viewtree:1.0.0=betaDebugCompileClasspath,betaDebugRuntimeClasspath,betaProfileCompileClasspath,betaProfileRuntimeClasspath,betaReleaseCompileClasspath,betaReleaseRuntimeClasspath,productionDebugCompileClasspath,productionDebugRuntimeClasspath,productionProfileCompileClasspath,productionProfileRuntimeClasspath,productionReleaseCompileClasspath,productionReleaseRuntimeClasspath
androidx.core:core:1.18.0=betaDebugCompileClasspath,betaDebugRuntimeClasspath,betaProfileCompileClasspath,betaProfileRuntimeClasspath,betaReleaseCompileClasspath,betaReleaseRuntimeClasspath,productionDebugCompileClasspath,productionDebugRuntimeClasspath,productionProfileCompileClasspath,productionProfileRuntimeClasspath,productionReleaseCompileClasspath,productionReleaseRuntimeClasspath
androidx.cursoradapter:cursoradapter:1.0.0=betaDebugRuntimeClasspath,betaProfileRuntimeClasspath,betaReleaseRuntimeClasspath,productionDebugRuntimeClasspath,productionProfileRuntimeClasspath,productionReleaseRuntimeClasspath
androidx.customview:customview:1.1.0=betaDebugCompileClasspath,betaDebugRuntimeClasspath,betaProfileCompileClasspath,betaProfileRuntimeClasspath,betaReleaseCompileClasspath,betaReleaseRuntimeClasspath,productionDebugCompileClasspath,productionDebugRuntimeClasspath,productionProfileCompileClasspath,productionProfileRuntimeClasspath,productionReleaseCompileClasspath,productionReleaseRuntimeClasspath
androidx.datastore:datastore-android:1.1.7=betaDebugRuntimeClasspath,betaProfileRuntimeClasspath,betaReleaseRuntimeClasspath,productionDebugRuntimeClasspath,productionProfileRuntimeClasspath,productionReleaseRuntimeClasspath
androidx.datastore:datastore-core-android:1.1.7=betaDebugRuntimeClasspath,betaProfileRuntimeClasspath,betaReleaseRuntimeClasspath,productionDebugRuntimeClasspath,productionProfileRuntimeClasspath,productionReleaseRuntimeClasspath
androidx.datastore:datastore-core-okio-jvm:1.1.7=betaDebugRuntimeClasspath,betaProfileRuntimeClasspath,betaReleaseRuntimeClasspath,productionDebugRuntimeClasspath,productionProfileRuntimeClasspath,productionReleaseRuntimeClasspath
androidx.datastore:datastore-core-okio:1.1.7=betaDebugRuntimeClasspath,betaProfileRuntimeClasspath,betaReleaseRuntimeClasspath,productionDebugRuntimeClasspath,productionProfileRuntimeClasspath,productionReleaseRuntimeClasspath
androidx.datastore:datastore-core:1.1.7=betaDebugRuntimeClasspath,betaProfileRuntimeClasspath,betaReleaseRuntimeClasspath,productionDebugRuntimeClasspath,productionProfileRuntimeClasspath,productionReleaseRuntimeClasspath
androidx.datastore:datastore-preferences-android:1.1.7=betaDebugRuntimeClasspath,betaProfileRuntimeClasspath,betaReleaseRuntimeClasspath,productionDebugRuntimeClasspath,productionProfileRuntimeClasspath,productionReleaseRuntimeClasspath
androidx.datastore:datastore-preferences-core-android:1.1.7=betaDebugRuntimeClasspath,betaProfileRuntimeClasspath,betaReleaseRuntimeClasspath,productionDebugRuntimeClasspath,productionProfileRuntimeClasspath,productionReleaseRuntimeClasspath
androidx.datastore:datastore-preferences-core:1.1.7=betaDebugRuntimeClasspath,betaProfileRuntimeClasspath,betaReleaseRuntimeClasspath,productionDebugRuntimeClasspath,productionProfileRuntimeClasspath,productionReleaseRuntimeClasspath
androidx.datastore:datastore-preferences-external-protobuf:1.1.7=betaDebugRuntimeClasspath,betaProfileRuntimeClasspath,betaReleaseRuntimeClasspath,productionDebugRuntimeClasspath,productionProfileRuntimeClasspath,productionReleaseRuntimeClasspath
androidx.datastore:datastore-preferences-proto:1.1.7=betaDebugRuntimeClasspath,betaProfileRuntimeClasspath,betaReleaseRuntimeClasspath,productionDebugRuntimeClasspath,productionProfileRuntimeClasspath,productionReleaseRuntimeClasspath
androidx.datastore:datastore-preferences:1.1.7=betaDebugRuntimeClasspath,betaProfileRuntimeClasspath,betaReleaseRuntimeClasspath,productionDebugRuntimeClasspath,productionProfileRuntimeClasspath,productionReleaseRuntimeClasspath
androidx.datastore:datastore:1.1.7=betaDebugRuntimeClasspath,betaProfileRuntimeClasspath,betaReleaseRuntimeClasspath,productionDebugRuntimeClasspath,productionProfileRuntimeClasspath,productionReleaseRuntimeClasspath
androidx.documentfile:documentfile:1.0.0=betaDebugRuntimeClasspath,betaProfileRuntimeClasspath,betaReleaseRuntimeClasspath,productionDebugRuntimeClasspath,productionProfileRuntimeClasspath,productionReleaseRuntimeClasspath
androidx.drawerlayout:drawerlayout:1.0.0=betaDebugRuntimeClasspath,betaProfileRuntimeClasspath,betaReleaseRuntimeClasspath,productionDebugRuntimeClasspath,productionProfileRuntimeClasspath,productionReleaseRuntimeClasspath
androidx.exifinterface:exifinterface:1.4.2=betaDebugCompileClasspath,betaDebugRuntimeClasspath,betaProfileCompileClasspath,betaProfileRuntimeClasspath,betaReleaseCompileClasspath,betaReleaseRuntimeClasspath,productionDebugCompileClasspath,productionDebugRuntimeClasspath,productionProfileCompileClasspath,productionProfileRuntimeClasspath,productionReleaseCompileClasspath,productionReleaseRuntimeClasspath
androidx.fragment:fragment-ktx:1.7.1=betaDebugRuntimeClasspath,betaProfileRuntimeClasspath,betaReleaseRuntimeClasspath,productionDebugRuntimeClasspath,productionProfileRuntimeClasspath,productionReleaseRuntimeClasspath
androidx.fragment:fragment:1.7.1=betaDebugCompileClasspath,betaDebugRuntimeClasspath,betaProfileCompileClasspath,betaProfileRuntimeClasspath,betaReleaseCompileClasspath,betaReleaseRuntimeClasspath,productionDebugCompileClasspath,productionDebugRuntimeClasspath,productionProfileCompileClasspath,productionProfileRuntimeClasspath,productionReleaseCompileClasspath,productionReleaseRuntimeClasspath
androidx.interpolator:interpolator:1.0.0=betaDebugRuntimeClasspath,betaProfileRuntimeClasspath,betaReleaseRuntimeClasspath,productionDebugRuntimeClasspath,productionProfileRuntimeClasspath,productionReleaseRuntimeClasspath
androidx.legacy:legacy-support-core-ui:1.0.0=betaDebugRuntimeClasspath,betaProfileRuntimeClasspath,betaReleaseRuntimeClasspath,productionDebugRuntimeClasspath,productionProfileRuntimeClasspath,productionReleaseRuntimeClasspath
androidx.legacy:legacy-support-core-utils:1.0.0=betaDebugRuntimeClasspath,betaProfileRuntimeClasspath,betaReleaseRuntimeClasspath,productionDebugRuntimeClasspath,productionProfileRuntimeClasspath,productionReleaseRuntimeClasspath
androidx.lifecycle:lifecycle-common-java8:2.8.7=betaDebugCompileClasspath,betaDebugRuntimeClasspath,betaProfileCompileClasspath,betaProfileRuntimeClasspath,betaReleaseCompileClasspath,betaReleaseRuntimeClasspath,productionDebugCompileClasspath,productionDebugRuntimeClasspath,productionProfileCompileClasspath,productionProfileRuntimeClasspath,productionReleaseCompileClasspath,productionReleaseRuntimeClasspath
androidx.lifecycle:lifecycle-common-jvm:2.8.7=betaDebugCompileClasspath,betaDebugRuntimeClasspath,betaProfileCompileClasspath,betaProfileRuntimeClasspath,betaReleaseCompileClasspath,betaReleaseRuntimeClasspath,productionDebugCompileClasspath,productionDebugRuntimeClasspath,productionProfileCompileClasspath,productionProfileRuntimeClasspath,productionReleaseCompileClasspath,productionReleaseRuntimeClasspath
androidx.lifecycle:lifecycle-common:2.8.7=betaDebugCompileClasspath,betaDebugRuntimeClasspath,betaProfileCompileClasspath,betaProfileRuntimeClasspath,betaReleaseCompileClasspath,betaReleaseRuntimeClasspath,productionDebugCompileClasspath,productionDebugRuntimeClasspath,productionProfileCompileClasspath,productionProfileRuntimeClasspath,productionReleaseCompileClasspath,productionReleaseRuntimeClasspath
androidx.lifecycle:lifecycle-livedata-core-ktx:2.8.7=betaDebugRuntimeClasspath,betaProfileRuntimeClasspath,betaReleaseRuntimeClasspath,productionDebugRuntimeClasspath,productionProfileRuntimeClasspath,productionReleaseRuntimeClasspath
androidx.lifecycle:lifecycle-livedata-core:2.8.7=betaDebugCompileClasspath,betaDebugRuntimeClasspath,betaProfileCompileClasspath,betaProfileRuntimeClasspath,betaReleaseCompileClasspath,betaReleaseRuntimeClasspath,productionDebugCompileClasspath,productionDebugRuntimeClasspath,productionProfileCompileClasspath,productionProfileRuntimeClasspath,productionReleaseCompileClasspath,productionReleaseRuntimeClasspath
androidx.lifecycle:lifecycle-livedata:2.8.7=betaDebugRuntimeClasspath,betaProfileRuntimeClasspath,betaReleaseRuntimeClasspath,productionDebugRuntimeClasspath,productionProfileRuntimeClasspath,productionReleaseRuntimeClasspath
androidx.lifecycle:lifecycle-process:2.8.7=betaDebugCompileClasspath,betaDebugRuntimeClasspath,betaProfileCompileClasspath,betaProfileRuntimeClasspath,betaReleaseCompileClasspath,betaReleaseRuntimeClasspath,productionDebugCompileClasspath,productionDebugRuntimeClasspath,productionProfileCompileClasspath,productionProfileRuntimeClasspath,productionReleaseCompileClasspath,productionReleaseRuntimeClasspath
androidx.lifecycle:lifecycle-runtime-android:2.8.7=betaDebugCompileClasspath,betaDebugRuntimeClasspath,betaProfileCompileClasspath,betaProfileRuntimeClasspath,betaReleaseCompileClasspath,betaReleaseRuntimeClasspath,productionDebugCompileClasspath,productionDebugRuntimeClasspath,productionProfileCompileClasspath,productionProfileRuntimeClasspath,productionReleaseCompileClasspath,productionReleaseRuntimeClasspath
androidx.lifecycle:lifecycle-runtime-ktx-android:2.8.7=betaDebugRuntimeClasspath,betaProfileRuntimeClasspath,betaReleaseRuntimeClasspath,productionDebugRuntimeClasspath,productionProfileRuntimeClasspath,productionReleaseRuntimeClasspath
androidx.lifecycle:lifecycle-runtime-ktx:2.8.7=betaDebugRuntimeClasspath,betaProfileRuntimeClasspath,betaReleaseRuntimeClasspath,productionDebugRuntimeClasspath,productionProfileRuntimeClasspath,productionReleaseRuntimeClasspath
androidx.lifecycle:lifecycle-runtime:2.8.7=betaDebugCompileClasspath,betaDebugRuntimeClasspath,betaProfileCompileClasspath,betaProfileRuntimeClasspath,betaReleaseCompileClasspath,betaReleaseRuntimeClasspath,productionDebugCompileClasspath,productionDebugRuntimeClasspath,productionProfileCompileClasspath,productionProfileRuntimeClasspath,productionReleaseCompileClasspath,productionReleaseRuntimeClasspath
androidx.lifecycle:lifecycle-service:2.8.7=betaDebugRuntimeClasspath,betaProfileRuntimeClasspath,betaReleaseRuntimeClasspath,productionDebugRuntimeClasspath,productionProfileRuntimeClasspath,productionReleaseRuntimeClasspath
androidx.lifecycle:lifecycle-viewmodel-android:2.8.7=betaDebugCompileClasspath,betaDebugRuntimeClasspath,betaProfileCompileClasspath,betaProfileRuntimeClasspath,betaReleaseCompileClasspath,betaReleaseRuntimeClasspath,productionDebugCompileClasspath,productionDebugRuntimeClasspath,productionProfileCompileClasspath,productionProfileRuntimeClasspath,productionReleaseCompileClasspath,productionReleaseRuntimeClasspath
androidx.lifecycle:lifecycle-viewmodel-ktx:2.8.7=betaDebugRuntimeClasspath,betaProfileRuntimeClasspath,betaReleaseRuntimeClasspath,productionDebugRuntimeClasspath,productionProfileRuntimeClasspath,productionReleaseRuntimeClasspath
androidx.lifecycle:lifecycle-viewmodel-savedstate:2.8.7=betaDebugCompileClasspath,betaDebugRuntimeClasspath,betaProfileCompileClasspath,betaProfileRuntimeClasspath,betaReleaseCompileClasspath,betaReleaseRuntimeClasspath,productionDebugCompileClasspath,productionDebugRuntimeClasspath,productionProfileCompileClasspath,productionProfileRuntimeClasspath,productionReleaseCompileClasspath,productionReleaseRuntimeClasspath
androidx.lifecycle:lifecycle-viewmodel:2.8.7=betaDebugCompileClasspath,betaDebugRuntimeClasspath,betaProfileCompileClasspath,betaProfileRuntimeClasspath,betaReleaseCompileClasspath,betaReleaseRuntimeClasspath,productionDebugCompileClasspath,productionDebugRuntimeClasspath,productionProfileCompileClasspath,productionProfileRuntimeClasspath,productionReleaseCompileClasspath,productionReleaseRuntimeClasspath
androidx.loader:loader:1.1.0=betaDebugCompileClasspath,betaDebugRuntimeClasspath,betaProfileCompileClasspath,betaProfileRuntimeClasspath,betaReleaseCompileClasspath,betaReleaseRuntimeClasspath,productionDebugCompileClasspath,productionDebugRuntimeClasspath,productionProfileCompileClasspath,productionProfileRuntimeClasspath,productionReleaseCompileClasspath,productionReleaseRuntimeClasspath
androidx.localbroadcastmanager:localbroadcastmanager:1.0.0=betaDebugRuntimeClasspath,betaProfileRuntimeClasspath,betaReleaseRuntimeClasspath,productionDebugRuntimeClasspath,productionProfileRuntimeClasspath,productionReleaseRuntimeClasspath
androidx.media3:media3-common:1.9.0=betaDebugRuntimeClasspath,betaProfileRuntimeClasspath,betaReleaseRuntimeClasspath,productionDebugRuntimeClasspath,productionProfileRuntimeClasspath,productionReleaseRuntimeClasspath
androidx.media3:media3-container:1.9.0=betaDebugRuntimeClasspath,betaProfileRuntimeClasspath,betaReleaseRuntimeClasspath,productionDebugRuntimeClasspath,productionProfileRuntimeClasspath,productionReleaseRuntimeClasspath
androidx.media3:media3-muxer:1.9.0=betaDebugRuntimeClasspath,betaProfileRuntimeClasspath,betaReleaseRuntimeClasspath,productionDebugRuntimeClasspath,productionProfileRuntimeClasspath,productionReleaseRuntimeClasspath
androidx.navigationevent:navigationevent-android:1.0.2=betaDebugCompileClasspath,betaDebugRuntimeClasspath,betaProfileCompileClasspath,betaProfileRuntimeClasspath,betaReleaseCompileClasspath,betaReleaseRuntimeClasspath,productionDebugCompileClasspath,productionDebugRuntimeClasspath,productionProfileCompileClasspath,productionProfileRuntimeClasspath,productionReleaseCompileClasspath,productionReleaseRuntimeClasspath
androidx.navigationevent:navigationevent:1.0.2=betaDebugCompileClasspath,betaDebugRuntimeClasspath,betaProfileCompileClasspath,betaProfileRuntimeClasspath,betaReleaseCompileClasspath,betaReleaseRuntimeClasspath,productionDebugCompileClasspath,productionDebugRuntimeClasspath,productionProfileCompileClasspath,productionProfileRuntimeClasspath,productionReleaseCompileClasspath,productionReleaseRuntimeClasspath
androidx.preference:preference:1.2.1=betaDebugRuntimeClasspath,betaProfileRuntimeClasspath,betaReleaseRuntimeClasspath,productionDebugRuntimeClasspath,productionProfileRuntimeClasspath,productionReleaseRuntimeClasspath
androidx.print:print:1.0.0=betaDebugRuntimeClasspath,betaProfileRuntimeClasspath,betaReleaseRuntimeClasspath,productionDebugRuntimeClasspath,productionProfileRuntimeClasspath,productionReleaseRuntimeClasspath
androidx.profileinstaller:profileinstaller:1.4.0=betaDebugRuntimeClasspath,betaProfileRuntimeClasspath,betaReleaseRuntimeClasspath,productionDebugRuntimeClasspath,productionProfileRuntimeClasspath,productionReleaseRuntimeClasspath
androidx.recyclerview:recyclerview:1.0.0=betaDebugRuntimeClasspath,betaProfileRuntimeClasspath,betaReleaseRuntimeClasspath,productionDebugRuntimeClasspath,productionProfileRuntimeClasspath,productionReleaseRuntimeClasspath
androidx.room:room-common-jvm:2.7.0=betaDebugRuntimeClasspath,betaProfileRuntimeClasspath,betaReleaseRuntimeClasspath,productionDebugRuntimeClasspath,productionProfileRuntimeClasspath,productionReleaseRuntimeClasspath
androidx.room:room-common:2.7.0=betaDebugRuntimeClasspath,betaProfileRuntimeClasspath,betaReleaseRuntimeClasspath,productionDebugRuntimeClasspath,productionProfileRuntimeClasspath,productionReleaseRuntimeClasspath
androidx.room:room-runtime-android:2.7.0=betaDebugRuntimeClasspath,betaProfileRuntimeClasspath,betaReleaseRuntimeClasspath,productionDebugRuntimeClasspath,productionProfileRuntimeClasspath,productionReleaseRuntimeClasspath
androidx.room:room-runtime:2.7.0=betaDebugRuntimeClasspath,betaProfileRuntimeClasspath,betaReleaseRuntimeClasspath,productionDebugRuntimeClasspath,productionProfileRuntimeClasspath,productionReleaseRuntimeClasspath
androidx.savedstate:savedstate-ktx:1.2.1=betaDebugRuntimeClasspath,betaProfileRuntimeClasspath,betaReleaseRuntimeClasspath,productionDebugRuntimeClasspath,productionProfileRuntimeClasspath,productionReleaseRuntimeClasspath
androidx.savedstate:savedstate:1.2.1=betaDebugCompileClasspath,betaDebugRuntimeClasspath,betaProfileCompileClasspath,betaProfileRuntimeClasspath,betaReleaseCompileClasspath,betaReleaseRuntimeClasspath,productionDebugCompileClasspath,productionDebugRuntimeClasspath,productionProfileCompileClasspath,productionProfileRuntimeClasspath,productionReleaseCompileClasspath,productionReleaseRuntimeClasspath
androidx.security:security-crypto:1.1.0-alpha06=betaDebugRuntimeClasspath,betaProfileRuntimeClasspath,betaReleaseRuntimeClasspath,productionDebugRuntimeClasspath,productionProfileRuntimeClasspath,productionReleaseRuntimeClasspath
androidx.slidingpanelayout:slidingpanelayout:1.2.0=betaDebugRuntimeClasspath,betaProfileRuntimeClasspath,betaReleaseRuntimeClasspath,productionDebugRuntimeClasspath,productionProfileRuntimeClasspath,productionReleaseRuntimeClasspath
androidx.sqlite:sqlite-android:2.5.0=betaDebugRuntimeClasspath,betaProfileRuntimeClasspath,betaReleaseRuntimeClasspath,productionDebugRuntimeClasspath,productionProfileRuntimeClasspath,productionReleaseRuntimeClasspath
androidx.sqlite:sqlite-framework-android:2.5.0=betaDebugRuntimeClasspath,betaProfileRuntimeClasspath,betaReleaseRuntimeClasspath,productionDebugRuntimeClasspath,productionProfileRuntimeClasspath,productionReleaseRuntimeClasspath
androidx.sqlite:sqlite-framework:2.5.0=betaDebugRuntimeClasspath,betaProfileRuntimeClasspath,betaReleaseRuntimeClasspath,productionDebugRuntimeClasspath,productionProfileRuntimeClasspath,productionReleaseRuntimeClasspath
androidx.sqlite:sqlite:2.5.0=betaDebugRuntimeClasspath,betaProfileRuntimeClasspath,betaReleaseRuntimeClasspath,productionDebugRuntimeClasspath,productionProfileRuntimeClasspath,productionReleaseRuntimeClasspath
androidx.startup:startup-runtime:1.1.1=betaDebugCompileClasspath,betaDebugRuntimeClasspath,betaProfileCompileClasspath,betaProfileRuntimeClasspath,betaReleaseCompileClasspath,betaReleaseRuntimeClasspath,productionDebugCompileClasspath,productionDebugRuntimeClasspath,productionProfileCompileClasspath,productionProfileRuntimeClasspath,productionReleaseCompileClasspath,productionReleaseRuntimeClasspath
androidx.swiperefreshlayout:swiperefreshlayout:1.0.0=betaDebugRuntimeClasspath,betaProfileRuntimeClasspath,betaReleaseRuntimeClasspath,productionDebugRuntimeClasspath,productionProfileRuntimeClasspath,productionReleaseRuntimeClasspath
androidx.test.espresso:espresso-core:3.3.0=betaDebugCompileClasspath,betaDebugRuntimeClasspath,betaProfileCompileClasspath,betaProfileRuntimeClasspath,productionDebugCompileClasspath,productionDebugRuntimeClasspath,productionProfileCompileClasspath,productionProfileRuntimeClasspath
androidx.test.espresso:espresso-idling-resource:3.3.0=betaDebugCompileClasspath,betaDebugRuntimeClasspath,betaProfileCompileClasspath,betaProfileRuntimeClasspath,productionDebugCompileClasspath,productionDebugRuntimeClasspath,productionProfileCompileClasspath,productionProfileRuntimeClasspath
androidx.test:monitor:1.3.0=betaDebugCompileClasspath,betaDebugRuntimeClasspath,betaProfileCompileClasspath,betaProfileRuntimeClasspath,productionDebugCompileClasspath,productionDebugRuntimeClasspath,productionProfileCompileClasspath,productionProfileRuntimeClasspath
androidx.test:rules:1.2.0=betaDebugCompileClasspath,betaDebugRuntimeClasspath,betaProfileCompileClasspath,betaProfileRuntimeClasspath,productionDebugCompileClasspath,productionDebugRuntimeClasspath,productionProfileCompileClasspath,productionProfileRuntimeClasspath
androidx.test:runner:1.3.0=betaDebugCompileClasspath,betaDebugRuntimeClasspath,betaProfileCompileClasspath,betaProfileRuntimeClasspath,productionDebugCompileClasspath,productionDebugRuntimeClasspath,productionProfileCompileClasspath,productionProfileRuntimeClasspath
androidx.tracing:tracing-android:1.3.0=betaDebugCompileClasspath,betaDebugRuntimeClasspath,betaProfileCompileClasspath,betaProfileRuntimeClasspath,betaReleaseCompileClasspath,betaReleaseRuntimeClasspath,productionDebugCompileClasspath,productionDebugRuntimeClasspath,productionProfileCompileClasspath,productionProfileRuntimeClasspath,productionReleaseCompileClasspath,productionReleaseRuntimeClasspath
androidx.tracing:tracing-ktx:1.3.0=betaDebugRuntimeClasspath,betaProfileRuntimeClasspath,betaReleaseRuntimeClasspath,productionDebugRuntimeClasspath,productionProfileRuntimeClasspath,productionReleaseRuntimeClasspath
androidx.tracing:tracing:1.3.0=betaDebugCompileClasspath,betaDebugRuntimeClasspath,betaProfileCompileClasspath,betaProfileRuntimeClasspath,betaReleaseCompileClasspath,betaReleaseRuntimeClasspath,productionDebugCompileClasspath,productionDebugRuntimeClasspath,productionProfileCompileClasspath,productionProfileRuntimeClasspath,productionReleaseCompileClasspath,productionReleaseRuntimeClasspath
androidx.transition:transition:1.4.1=betaDebugRuntimeClasspath,betaProfileRuntimeClasspath,betaReleaseRuntimeClasspath,productionDebugRuntimeClasspath,productionProfileRuntimeClasspath,productionReleaseRuntimeClasspath
androidx.vectordrawable:vectordrawable-animated:1.1.0=betaDebugRuntimeClasspath,betaProfileRuntimeClasspath,betaReleaseRuntimeClasspath,productionDebugRuntimeClasspath,productionProfileRuntimeClasspath,productionReleaseRuntimeClasspath
androidx.vectordrawable:vectordrawable:1.1.0=betaDebugRuntimeClasspath,betaProfileRuntimeClasspath,betaReleaseRuntimeClasspath,productionDebugRuntimeClasspath,productionProfileRuntimeClasspath,productionReleaseRuntimeClasspath
androidx.versionedparcelable:versionedparcelable:1.1.1=betaDebugCompileClasspath,betaDebugRuntimeClasspath,betaProfileCompileClasspath,betaProfileRuntimeClasspath,betaReleaseCompileClasspath,betaReleaseRuntimeClasspath,productionDebugCompileClasspath,productionDebugRuntimeClasspath,productionProfileCompileClasspath,productionProfileRuntimeClasspath,productionReleaseCompileClasspath,productionReleaseRuntimeClasspath
androidx.viewpager:viewpager:1.0.0=betaDebugCompileClasspath,betaDebugRuntimeClasspath,betaProfileCompileClasspath,betaProfileRuntimeClasspath,betaReleaseCompileClasspath,betaReleaseRuntimeClasspath,productionDebugCompileClasspath,productionDebugRuntimeClasspath,productionProfileCompileClasspath,productionProfileRuntimeClasspath,productionReleaseCompileClasspath,productionReleaseRuntimeClasspath
androidx.webkit:webkit:1.15.0=betaDebugRuntimeClasspath,betaProfileRuntimeClasspath,betaReleaseRuntimeClasspath,productionDebugRuntimeClasspath,productionProfileRuntimeClasspath,productionReleaseRuntimeClasspath
androidx.window.extensions.core:core:1.0.0=betaDebugRuntimeClasspath,betaProfileRuntimeClasspath,betaReleaseRuntimeClasspath,productionDebugRuntimeClasspath,productionProfileRuntimeClasspath,productionReleaseRuntimeClasspath
androidx.window:window-java:1.2.0=betaDebugCompileClasspath,betaDebugRuntimeClasspath,betaProfileCompileClasspath,betaProfileRuntimeClasspath,betaReleaseCompileClasspath,betaReleaseRuntimeClasspath,productionDebugCompileClasspath,productionDebugRuntimeClasspath,productionProfileCompileClasspath,productionProfileRuntimeClasspath,productionReleaseCompileClasspath,productionReleaseRuntimeClasspath
androidx.window:window:1.2.0=betaDebugCompileClasspath,betaDebugRuntimeClasspath,betaProfileCompileClasspath,betaProfileRuntimeClasspath,betaReleaseCompileClasspath,betaReleaseRuntimeClasspath,productionDebugCompileClasspath,productionDebugRuntimeClasspath,productionProfileCompileClasspath,productionProfileRuntimeClasspath,productionReleaseCompileClasspath,productionReleaseRuntimeClasspath
androidx.work:work-runtime:2.11.2=betaDebugRuntimeClasspath,betaProfileRuntimeClasspath,betaReleaseRuntimeClasspath,productionDebugRuntimeClasspath,productionProfileRuntimeClasspath,productionReleaseRuntimeClasspath
com.abovevacant:epitaph:0.1.1=betaDebugRuntimeClasspath,betaProfileRuntimeClasspath,betaReleaseRuntimeClasspath,productionDebugRuntimeClasspath,productionProfileRuntimeClasspath,productionReleaseRuntimeClasspath
com.getkeepsafe.relinker:relinker:1.4.5=betaDebugCompileClasspath,betaDebugRuntimeClasspath,betaProfileCompileClasspath,betaProfileRuntimeClasspath,betaReleaseCompileClasspath,betaReleaseRuntimeClasspath,productionDebugCompileClasspath,productionDebugRuntimeClasspath,productionProfileCompileClasspath,productionProfileRuntimeClasspath,productionReleaseCompileClasspath,productionReleaseRuntimeClasspath
com.google.android.gms:play-services-auth-api-phone:18.0.2=betaDebugRuntimeClasspath,betaProfileRuntimeClasspath,betaReleaseRuntimeClasspath,productionDebugRuntimeClasspath,productionProfileRuntimeClasspath,productionReleaseRuntimeClasspath
com.google.android.gms:play-services-auth-base:18.0.10=betaDebugRuntimeClasspath,betaProfileRuntimeClasspath,betaReleaseRuntimeClasspath,productionDebugRuntimeClasspath,productionProfileRuntimeClasspath,productionReleaseRuntimeClasspath
com.google.android.gms:play-services-auth:21.0.0=betaDebugRuntimeClasspath,betaProfileRuntimeClasspath,betaReleaseRuntimeClasspath,productionDebugRuntimeClasspath,productionProfileRuntimeClasspath,productionReleaseRuntimeClasspath
com.google.android.gms:play-services-base:18.0.1=betaDebugRuntimeClasspath,betaProfileRuntimeClasspath,betaReleaseRuntimeClasspath,productionDebugRuntimeClasspath,productionProfileRuntimeClasspath,productionReleaseRuntimeClasspath
com.google.android.gms:play-services-basement:18.2.0=betaDebugRuntimeClasspath,betaProfileRuntimeClasspath,betaReleaseRuntimeClasspath,productionDebugRuntimeClasspath,productionProfileRuntimeClasspath,productionReleaseRuntimeClasspath
com.google.android.gms:play-services-fido:20.0.1=betaDebugRuntimeClasspath,betaProfileRuntimeClasspath,betaReleaseRuntimeClasspath,productionDebugRuntimeClasspath,productionProfileRuntimeClasspath,productionReleaseRuntimeClasspath
com.google.android.gms:play-services-tasks:18.0.1=betaDebugRuntimeClasspath,betaProfileRuntimeClasspath,betaReleaseRuntimeClasspath,productionDebugRuntimeClasspath,productionProfileRuntimeClasspath,productionReleaseRuntimeClasspath
com.google.auto.value:auto-value-annotations:1.6.3=betaDebugRuntimeClasspath,betaProfileRuntimeClasspath,betaReleaseRuntimeClasspath,productionDebugRuntimeClasspath,productionProfileRuntimeClasspath,productionReleaseRuntimeClasspath
com.google.code.findbugs:jsr305:3.0.2=betaDebugCompileClasspath,betaDebugRuntimeClasspath,betaProfileCompileClasspath,betaProfileRuntimeClasspath,betaReleaseRuntimeClasspath,productionDebugCompileClasspath,productionDebugRuntimeClasspath,productionProfileCompileClasspath,productionProfileRuntimeClasspath,productionReleaseRuntimeClasspath
com.google.code.gson:gson:2.10.1=betaDebugRuntimeClasspath,betaProfileRuntimeClasspath,betaReleaseRuntimeClasspath,productionDebugRuntimeClasspath,productionProfileRuntimeClasspath,productionReleaseRuntimeClasspath
com.google.crypto.tink:tink-android:1.19.0=betaDebugRuntimeClasspath,betaProfileRuntimeClasspath,betaReleaseRuntimeClasspath,productionDebugRuntimeClasspath,productionProfileRuntimeClasspath,productionReleaseRuntimeClasspath
com.google.dagger:dagger:2.59=betaDebugRuntimeClasspath,betaProfileRuntimeClasspath,betaReleaseRuntimeClasspath,productionDebugRuntimeClasspath,productionProfileRuntimeClasspath,productionReleaseRuntimeClasspath
com.google.errorprone:error_prone_annotations:2.41.0=betaDebugRuntimeClasspath,betaProfileRuntimeClasspath,betaReleaseRuntimeClasspath,productionDebugRuntimeClasspath,productionProfileRuntimeClasspath,productionReleaseRuntimeClasspath
com.google.guava:failureaccess:1.0.3=betaDebugRuntimeClasspath,betaProfileRuntimeClasspath,betaReleaseRuntimeClasspath,productionDebugRuntimeClasspath,productionProfileRuntimeClasspath,productionReleaseRuntimeClasspath
com.google.guava:guava:33.5.0-android=betaDebugRuntimeClasspath,betaProfileRuntimeClasspath,betaReleaseRuntimeClasspath,productionDebugRuntimeClasspath,productionProfileRuntimeClasspath,productionReleaseRuntimeClasspath
com.google.guava:listenablefuture:9999.0-empty-to-avoid-conflict-with-guava=betaDebugCompileClasspath,betaDebugRuntimeClasspath,betaProfileCompileClasspath,betaProfileRuntimeClasspath,betaReleaseCompileClasspath,betaReleaseRuntimeClasspath,productionDebugCompileClasspath,productionDebugRuntimeClasspath,productionProfileCompileClasspath,productionProfileRuntimeClasspath,productionReleaseCompileClasspath,productionReleaseRuntimeClasspath
com.google.j2objc:j2objc-annotations:3.1=betaDebugRuntimeClasspath,betaProfileRuntimeClasspath,betaReleaseRuntimeClasspath,productionDebugRuntimeClasspath,productionProfileRuntimeClasspath,productionReleaseRuntimeClasspath
com.netzarchitekten:IPtProxy:5.5.1=betaDebugRuntimeClasspath,betaProfileRuntimeClasspath,betaReleaseRuntimeClasspath,productionDebugRuntimeClasspath,productionProfileRuntimeClasspath,productionReleaseRuntimeClasspath
com.squareup.okio:okio-jvm:3.4.0=betaDebugRuntimeClasspath,betaProfileRuntimeClasspath,betaReleaseRuntimeClasspath,productionDebugRuntimeClasspath,productionProfileRuntimeClasspath,productionReleaseRuntimeClasspath
com.squareup.okio:okio:3.4.0=betaDebugRuntimeClasspath,betaProfileRuntimeClasspath,betaReleaseRuntimeClasspath,productionDebugRuntimeClasspath,productionProfileRuntimeClasspath,productionReleaseRuntimeClasspath
com.squareup:javawriter:2.1.1=betaDebugCompileClasspath,betaDebugRuntimeClasspath,betaProfileCompileClasspath,betaProfileRuntimeClasspath,productionDebugCompileClasspath,productionDebugRuntimeClasspath,productionProfileCompileClasspath,productionProfileRuntimeClasspath
commons-io:commons-io:2.19.0=betaDebugRuntimeClasspath,betaProfileRuntimeClasspath,betaReleaseRuntimeClasspath,productionDebugRuntimeClasspath,productionProfileRuntimeClasspath,productionReleaseRuntimeClasspath
eu.simonbinder:sqlite3-native-library:3.52.0=betaDebugRuntimeClasspath,betaProfileRuntimeClasspath,betaReleaseRuntimeClasspath,productionDebugRuntimeClasspath,productionProfileRuntimeClasspath,productionReleaseRuntimeClasspath
io.flutter:arm64_v8a_debug:1.0.0-5a2a6a42cce67f965cf540fcecf616faca624aa1=betaDebugCompileClasspath,betaDebugRuntimeClasspath,productionDebugCompileClasspath,productionDebugRuntimeClasspath
io.flutter:arm64_v8a_profile:1.0.0-5a2a6a42cce67f965cf540fcecf616faca624aa1=betaProfileCompileClasspath,betaProfileRuntimeClasspath,productionProfileCompileClasspath,productionProfileRuntimeClasspath
io.flutter:arm64_v8a_release:1.0.0-5a2a6a42cce67f965cf540fcecf616faca624aa1=betaReleaseCompileClasspath,betaReleaseRuntimeClasspath,productionReleaseCompileClasspath,productionReleaseRuntimeClasspath
io.flutter:armeabi_v7a_debug:1.0.0-5a2a6a42cce67f965cf540fcecf616faca624aa1=betaDebugCompileClasspath,betaDebugRuntimeClasspath,productionDebugCompileClasspath,productionDebugRuntimeClasspath
io.flutter:armeabi_v7a_profile:1.0.0-5a2a6a42cce67f965cf540fcecf616faca624aa1=betaProfileCompileClasspath,betaProfileRuntimeClasspath,productionProfileCompileClasspath,productionProfileRuntimeClasspath
io.flutter:armeabi_v7a_release:1.0.0-5a2a6a42cce67f965cf540fcecf616faca624aa1=betaReleaseCompileClasspath,betaReleaseRuntimeClasspath,productionReleaseCompileClasspath,productionReleaseRuntimeClasspath
io.flutter:flutter_embedding_debug:1.0.0-5a2a6a42cce67f965cf540fcecf616faca624aa1=betaDebugCompileClasspath,betaDebugRuntimeClasspath,productionDebugCompileClasspath,productionDebugRuntimeClasspath
io.flutter:flutter_embedding_profile:1.0.0-5a2a6a42cce67f965cf540fcecf616faca624aa1=betaProfileCompileClasspath,betaProfileRuntimeClasspath,productionProfileCompileClasspath,productionProfileRuntimeClasspath
io.flutter:flutter_embedding_release:1.0.0-5a2a6a42cce67f965cf540fcecf616faca624aa1=betaReleaseCompileClasspath,betaReleaseRuntimeClasspath,productionReleaseCompileClasspath,productionReleaseRuntimeClasspath
io.flutter:x86_64_debug:1.0.0-5a2a6a42cce67f965cf540fcecf616faca624aa1=betaDebugCompileClasspath,betaDebugRuntimeClasspath,productionDebugCompileClasspath,productionDebugRuntimeClasspath
io.flutter:x86_64_profile:1.0.0-5a2a6a42cce67f965cf540fcecf616faca624aa1=betaProfileCompileClasspath,betaProfileRuntimeClasspath,productionProfileCompileClasspath,productionProfileRuntimeClasspath
io.flutter:x86_64_release:1.0.0-5a2a6a42cce67f965cf540fcecf616faca624aa1=betaReleaseCompileClasspath,betaReleaseRuntimeClasspath,productionReleaseCompileClasspath,productionReleaseRuntimeClasspath
io.sentry:sentry-android-core:8.51.0=betaDebugCompileClasspath,betaDebugRuntimeClasspath,betaProfileCompileClasspath,betaProfileRuntimeClasspath,betaReleaseCompileClasspath,betaReleaseRuntimeClasspath,productionDebugCompileClasspath,productionDebugRuntimeClasspath,productionProfileCompileClasspath,productionProfileRuntimeClasspath,productionReleaseCompileClasspath,productionReleaseRuntimeClasspath
io.sentry:sentry-android-ndk:8.51.0=betaDebugCompileClasspath,betaDebugRuntimeClasspath,betaProfileCompileClasspath,betaProfileRuntimeClasspath,betaReleaseCompileClasspath,betaReleaseRuntimeClasspath,productionDebugCompileClasspath,productionDebugRuntimeClasspath,productionProfileCompileClasspath,productionProfileRuntimeClasspath,productionReleaseCompileClasspath,productionReleaseRuntimeClasspath
io.sentry:sentry-android-replay:8.51.0=betaDebugCompileClasspath,betaDebugRuntimeClasspath,betaProfileCompileClasspath,betaProfileRuntimeClasspath,betaReleaseCompileClasspath,betaReleaseRuntimeClasspath,productionDebugCompileClasspath,productionDebugRuntimeClasspath,productionProfileCompileClasspath,productionProfileRuntimeClasspath,productionReleaseCompileClasspath,productionReleaseRuntimeClasspath
io.sentry:sentry-android:8.51.0=betaDebugCompileClasspath,betaDebugRuntimeClasspath,betaProfileCompileClasspath,betaProfileRuntimeClasspath,betaReleaseCompileClasspath,betaReleaseRuntimeClasspath,productionDebugCompileClasspath,productionDebugRuntimeClasspath,productionProfileCompileClasspath,productionProfileRuntimeClasspath,productionReleaseCompileClasspath,productionReleaseRuntimeClasspath
io.sentry:sentry-native-ndk:0.16.0=betaDebugRuntimeClasspath,betaProfileRuntimeClasspath,betaReleaseRuntimeClasspath,productionDebugRuntimeClasspath,productionProfileRuntimeClasspath,productionReleaseRuntimeClasspath
io.sentry:sentry-spotlight:8.51.0=betaDebugRuntimeClasspath,productionDebugRuntimeClasspath
io.sentry:sentry:8.51.0=betaDebugCompileClasspath,betaDebugRuntimeClasspath,betaProfileCompileClasspath,betaProfileRuntimeClasspath,betaReleaseCompileClasspath,betaReleaseRuntimeClasspath,productionDebugCompileClasspath,productionDebugRuntimeClasspath,productionProfileCompileClasspath,productionProfileRuntimeClasspath,productionReleaseCompileClasspath,productionReleaseRuntimeClasspath
jakarta.inject:jakarta.inject-api:2.0.1=betaDebugRuntimeClasspath,betaProfileRuntimeClasspath,betaReleaseRuntimeClasspath,productionDebugRuntimeClasspath,productionProfileRuntimeClasspath,productionReleaseRuntimeClasspath
javax.inject:javax.inject:1=betaDebugCompileClasspath,betaDebugRuntimeClasspath,betaProfileCompileClasspath,betaProfileRuntimeClasspath,betaReleaseRuntimeClasspath,productionDebugCompileClasspath,productionDebugRuntimeClasspath,productionProfileCompileClasspath,productionProfileRuntimeClasspath,productionReleaseRuntimeClasspath
junit:junit:4.12=betaDebugCompileClasspath,betaDebugRuntimeClasspath,betaProfileCompileClasspath,betaProfileRuntimeClasspath,productionDebugCompileClasspath,productionDebugRuntimeClasspath,productionProfileCompileClasspath,productionProfileRuntimeClasspath
org.apache.tika:tika-core:3.2.0=betaDebugRuntimeClasspath,betaProfileRuntimeClasspath,betaReleaseRuntimeClasspath,productionDebugRuntimeClasspath,productionProfileRuntimeClasspath,productionReleaseRuntimeClasspath
org.hamcrest:hamcrest-core:1.3=betaDebugCompileClasspath,betaDebugRuntimeClasspath,betaProfileCompileClasspath,betaProfileRuntimeClasspath,productionDebugCompileClasspath,productionDebugRuntimeClasspath,productionProfileCompileClasspath,productionProfileRuntimeClasspath
org.hamcrest:hamcrest-integration:1.3=betaDebugCompileClasspath,betaDebugRuntimeClasspath,betaProfileCompileClasspath,betaProfileRuntimeClasspath,productionDebugCompileClasspath,productionDebugRuntimeClasspath,productionProfileCompileClasspath,productionProfileRuntimeClasspath
org.hamcrest:hamcrest-library:1.3=betaDebugCompileClasspath,betaDebugRuntimeClasspath,betaProfileCompileClasspath,betaProfileRuntimeClasspath,productionDebugCompileClasspath,productionDebugRuntimeClasspath,productionProfileCompileClasspath,productionProfileRuntimeClasspath
org.jetbrains.kotlin:kotlin-android-extensions-runtime:1.9.22=betaDebugRuntimeClasspath,betaProfileRuntimeClasspath,betaReleaseRuntimeClasspath,productionDebugRuntimeClasspath,productionProfileRuntimeClasspath,productionReleaseRuntimeClasspath
org.jetbrains.kotlin:kotlin-bom:1.8.0=betaDebugRuntimeClasspath,betaProfileRuntimeClasspath,betaReleaseRuntimeClasspath,productionDebugRuntimeClasspath,productionProfileRuntimeClasspath,productionReleaseRuntimeClasspath
org.jetbrains.kotlin:kotlin-parcelize-runtime:1.9.22=betaDebugRuntimeClasspath,betaProfileRuntimeClasspath,betaReleaseRuntimeClasspath,productionDebugRuntimeClasspath,productionProfileRuntimeClasspath,productionReleaseRuntimeClasspath
org.jetbrains.kotlin:kotlin-stdlib-jdk7:1.9.24=betaDebugRuntimeClasspath,betaProfileRuntimeClasspath,betaReleaseRuntimeClasspath,productionDebugRuntimeClasspath,productionProfileRuntimeClasspath,productionReleaseRuntimeClasspath
org.jetbrains.kotlin:kotlin-stdlib-jdk8:1.9.24=betaDebugRuntimeClasspath,betaProfileRuntimeClasspath,betaReleaseRuntimeClasspath,productionDebugRuntimeClasspath,productionProfileRuntimeClasspath,productionReleaseRuntimeClasspath
org.jetbrains.kotlin:kotlin-stdlib:2.2.10=betaDebugCompileClasspath,betaDebugRuntimeClasspath,betaProfileCompileClasspath,betaProfileRuntimeClasspath,betaReleaseCompileClasspath,betaReleaseRuntimeClasspath,productionDebugCompileClasspath,productionDebugRuntimeClasspath,productionProfileCompileClasspath,productionProfileRuntimeClasspath,productionReleaseCompileClasspath,productionReleaseRuntimeClasspath
org.jetbrains.kotlinx:atomicfu-jvm:0.28.0=betaDebugRuntimeClasspath,betaProfileRuntimeClasspath,betaReleaseRuntimeClasspath,productionDebugRuntimeClasspath,productionProfileRuntimeClasspath,productionReleaseRuntimeClasspath
org.jetbrains.kotlinx:atomicfu:0.28.0=betaDebugRuntimeClasspath,betaProfileRuntimeClasspath,betaReleaseRuntimeClasspath,productionDebugRuntimeClasspath,productionProfileRuntimeClasspath,productionReleaseRuntimeClasspath
org.jetbrains.kotlinx:kotlinx-coroutines-android:1.9.0=betaDebugCompileClasspath,betaDebugRuntimeClasspath,betaProfileCompileClasspath,betaProfileRuntimeClasspath,betaReleaseCompileClasspath,betaReleaseRuntimeClasspath,productionDebugCompileClasspath,productionDebugRuntimeClasspath,productionProfileCompileClasspath,productionProfileRuntimeClasspath,productionReleaseCompileClasspath,productionReleaseRuntimeClasspath
org.jetbrains.kotlinx:kotlinx-coroutines-bom:1.9.0=betaDebugCompileClasspath,betaDebugRuntimeClasspath,betaProfileCompileClasspath,betaProfileRuntimeClasspath,betaReleaseCompileClasspath,betaReleaseRuntimeClasspath,productionDebugCompileClasspath,productionDebugRuntimeClasspath,productionProfileCompileClasspath,productionProfileRuntimeClasspath,productionReleaseCompileClasspath,productionReleaseRuntimeClasspath
org.jetbrains.kotlinx:kotlinx-coroutines-core-jvm:1.9.0=betaDebugCompileClasspath,betaDebugRuntimeClasspath,betaProfileCompileClasspath,betaProfileRuntimeClasspath,betaReleaseCompileClasspath,betaReleaseRuntimeClasspath,productionDebugCompileClasspath,productionDebugRuntimeClasspath,productionProfileCompileClasspath,productionProfileRuntimeClasspath,productionReleaseCompileClasspath,productionReleaseRuntimeClasspath
org.jetbrains.kotlinx:kotlinx-coroutines-core:1.9.0=betaDebugCompileClasspath,betaDebugRuntimeClasspath,betaProfileCompileClasspath,betaProfileRuntimeClasspath,betaReleaseCompileClasspath,betaReleaseRuntimeClasspath,productionDebugCompileClasspath,productionDebugRuntimeClasspath,productionProfileCompileClasspath,productionProfileRuntimeClasspath,productionReleaseCompileClasspath,productionReleaseRuntimeClasspath
org.jetbrains:annotations:23.0.0=betaDebugCompileClasspath,betaDebugRuntimeClasspath,betaProfileCompileClasspath,betaProfileRuntimeClasspath,betaReleaseCompileClasspath,betaReleaseRuntimeClasspath,productionDebugCompileClasspath,productionDebugRuntimeClasspath,productionProfileCompileClasspath,productionProfileRuntimeClasspath,productionReleaseCompileClasspath,productionReleaseRuntimeClasspath
org.jspecify:jspecify:1.0.0=betaDebugCompileClasspath,betaDebugRuntimeClasspath,betaProfileCompileClasspath,betaProfileRuntimeClasspath,betaReleaseCompileClasspath,betaReleaseRuntimeClasspath,productionDebugCompileClasspath,productionDebugRuntimeClasspath,productionProfileCompileClasspath,productionProfileRuntimeClasspath,productionReleaseCompileClasspath,productionReleaseRuntimeClasspath
org.slf4j:slf4j-api:2.0.17=betaDebugRuntimeClasspath,betaProfileRuntimeClasspath,betaReleaseRuntimeClasspath,productionDebugRuntimeClasspath,productionProfileRuntimeClasspath,productionReleaseRuntimeClasspath
empty=
