# This is a Gradle generated file for dependency locking.
# Manual edits can break the build and are not advised.
# This file is expected to be part of source control.
androidx.activity:activity-ktx:1.8.1=debugCompileClasspath,debugRuntimeClasspath,profileCompileClasspath,profileRuntimeClasspath,releaseCompileClasspath,releaseRuntimeClasspath
androidx.activity:activity:1.8.1=debugCompileClasspath,debugRuntimeClasspath,profileCompileClasspath,profileRuntimeClasspath,releaseCompileClasspath,releaseRuntimeClasspath
androidx.annotation:annotation-experimental:1.4.0=debugCompileClasspath,debugRuntimeClasspath,profileCompileClasspath,profileRuntimeClasspath,releaseCompileClasspath,releaseRuntimeClasspath
androidx.annotation:annotation-jvm:1.8.1=debugCompileClasspath,debugRuntimeClasspath,profileCompileClasspath,profileRuntimeClasspath,releaseCompileClasspath,releaseRuntimeClasspath
androidx.annotation:annotation:1.8.1=debugCompileClasspath,debugRuntimeClasspath,profileCompileClasspath,profileRuntimeClasspath,releaseCompileClasspath,releaseRuntimeClasspath
androidx.appcompat:appcompat-resources:1.1.0=debugCompileClasspath,debugRuntimeClasspath,profileCompileClasspath,profileRuntimeClasspath,releaseCompileClasspath,releaseRuntimeClasspath
androidx.appcompat:appcompat:1.1.0=debugCompileClasspath,debugRuntimeClasspath,profileCompileClasspath,profileRuntimeClasspath,releaseCompileClasspath,releaseRuntimeClasspath
androidx.arch.core:core-common:2.2.0=debugCompileClasspath,debugRuntimeClasspath,profileCompileClasspath,profileRuntimeClasspath,releaseCompileClasspath,releaseRuntimeClasspath
androidx.arch.core:core-runtime:2.2.0=debugCompileClasspath,debugRuntimeClasspath,profileCompileClasspath,profileRuntimeClasspath,releaseCompileClasspath,releaseRuntimeClasspath
androidx.asynclayoutinflater:asynclayoutinflater:1.0.0=debugCompileClasspath,debugRuntimeClasspath,profileCompileClasspath,profileRuntimeClasspath,releaseCompileClasspath,releaseRuntimeClasspath
androidx.collection:collection-ktx:1.1.0=debugCompileClasspath,debugRuntimeClasspath,profileCompileClasspath,profileRuntimeClasspath,releaseCompileClasspath,releaseRuntimeClasspath
androidx.collection:collection:1.1.0=debugCompileClasspath,debugRuntimeClasspath,profileCompileClasspath,profileRuntimeClasspath,releaseCompileClasspath,releaseRuntimeClasspath
androidx.concurrent:concurrent-futures:1.1.0=debugRuntimeClasspath,profileRuntimeClasspath,releaseRuntimeClasspath
androidx.coordinatorlayout:coordinatorlayout:1.0.0=debugCompileClasspath,debugRuntimeClasspath,profileCompileClasspath,profileRuntimeClasspath,releaseCompileClasspath,releaseRuntimeClasspath
androidx.core:core-ktx:1.13.1=debugCompileClasspath,debugRuntimeClasspath,profileCompileClasspath,profileRuntimeClasspath,releaseCompileClasspath,releaseRuntimeClasspath
androidx.core:core:1.13.1=debugCompileClasspath,debugRuntimeClasspath,profileCompileClasspath,profileRuntimeClasspath,releaseCompileClasspath,releaseRuntimeClasspath
androidx.cursoradapter:cursoradapter:1.0.0=debugCompileClasspath,debugRuntimeClasspath,profileCompileClasspath,profileRuntimeClasspath,releaseCompileClasspath,releaseRuntimeClasspath
androidx.customview:customview:1.1.0=debugCompileClasspath,debugRuntimeClasspath,profileCompileClasspath,profileRuntimeClasspath,releaseCompileClasspath,releaseRuntimeClasspath
androidx.datastore:datastore-android:1.1.7=debugCompileClasspath,debugRuntimeClasspath,profileCompileClasspath,profileRuntimeClasspath,releaseCompileClasspath,releaseRuntimeClasspath
androidx.datastore:datastore-core-android:1.1.7=debugCompileClasspath,debugRuntimeClasspath,profileCompileClasspath,profileRuntimeClasspath,releaseCompileClasspath,releaseRuntimeClasspath
androidx.datastore:datastore-core-okio-jvm:1.1.7=debugCompileClasspath,debugRuntimeClasspath,profileCompileClasspath,profileRuntimeClasspath,releaseCompileClasspath,releaseRuntimeClasspath
androidx.datastore:datastore-core-okio:1.1.7=debugCompileClasspath,debugRuntimeClasspath,profileCompileClasspath,profileRuntimeClasspath,releaseCompileClasspath,releaseRuntimeClasspath
androidx.datastore:datastore-core:1.1.7=debugCompileClasspath,debugRuntimeClasspath,profileCompileClasspath,profileRuntimeClasspath,releaseCompileClasspath,releaseRuntimeClasspath
androidx.datastore:datastore-preferences-android:1.1.7=debugCompileClasspath,debugRuntimeClasspath,profileCompileClasspath,profileRuntimeClasspath,releaseCompileClasspath,releaseRuntimeClasspath
androidx.datastore:datastore-preferences-core-android:1.1.7=debugCompileClasspath,debugRuntimeClasspath,profileCompileClasspath,profileRuntimeClasspath,releaseCompileClasspath,releaseRuntimeClasspath
androidx.datastore:datastore-preferences-core:1.1.7=debugCompileClasspath,debugRuntimeClasspath,profileCompileClasspath,profileRuntimeClasspath,releaseCompileClasspath,releaseRuntimeClasspath
androidx.datastore:datastore-preferences-external-protobuf:1.1.7=debugRuntimeClasspath,profileRuntimeClasspath,releaseRuntimeClasspath
androidx.datastore:datastore-preferences-proto:1.1.7=debugRuntimeClasspath,profileRuntimeClasspath,releaseRuntimeClasspath
androidx.datastore:datastore-preferences:1.1.7=debugCompileClasspath,debugRuntimeClasspath,profileCompileClasspath,profileRuntimeClasspath,releaseCompileClasspath,releaseRuntimeClasspath
androidx.datastore:datastore:1.1.7=debugCompileClasspath,debugRuntimeClasspath,profileCompileClasspath,profileRuntimeClasspath,releaseCompileClasspath,releaseRuntimeClasspath
androidx.documentfile:documentfile:1.0.0=debugCompileClasspath,debugRuntimeClasspath,profileCompileClasspath,profileRuntimeClasspath,releaseCompileClasspath,releaseRuntimeClasspath
androidx.drawerlayout:drawerlayout:1.0.0=debugCompileClasspath,debugRuntimeClasspath,profileCompileClasspath,profileRuntimeClasspath,releaseCompileClasspath,releaseRuntimeClasspath
androidx.exifinterface:exifinterface:1.4.1=debugCompileClasspath,debugRuntimeClasspath,profileCompileClasspath,profileRuntimeClasspath,releaseCompileClasspath,releaseRuntimeClasspath
androidx.fragment:fragment-ktx:1.7.1=debugCompileClasspath,debugRuntimeClasspath,profileCompileClasspath,profileRuntimeClasspath,releaseCompileClasspath,releaseRuntimeClasspath
androidx.fragment:fragment:1.7.1=debugCompileClasspath,debugRuntimeClasspath,profileCompileClasspath,profileRuntimeClasspath,releaseCompileClasspath,releaseRuntimeClasspath
androidx.interpolator:interpolator:1.0.0=debugCompileClasspath,debugRuntimeClasspath,profileCompileClasspath,profileRuntimeClasspath,releaseCompileClasspath,releaseRuntimeClasspath
androidx.legacy:legacy-support-core-ui:1.0.0=debugCompileClasspath,debugRuntimeClasspath,profileCompileClasspath,profileRuntimeClasspath,releaseCompileClasspath,releaseRuntimeClasspath
androidx.legacy:legacy-support-core-utils:1.0.0=debugCompileClasspath,debugRuntimeClasspath,profileCompileClasspath,profileRuntimeClasspath,releaseCompileClasspath,releaseRuntimeClasspath
androidx.lifecycle:lifecycle-common-java8:2.7.0=debugCompileClasspath,debugRuntimeClasspath,profileCompileClasspath,profileRuntimeClasspath,releaseCompileClasspath,releaseRuntimeClasspath
androidx.lifecycle:lifecycle-common:2.7.0=debugCompileClasspath,debugRuntimeClasspath,profileCompileClasspath,profileRuntimeClasspath,releaseCompileClasspath,releaseRuntimeClasspath
androidx.lifecycle:lifecycle-livedata-core-ktx:2.7.0=debugCompileClasspath,debugRuntimeClasspath,profileCompileClasspath,profileRuntimeClasspath,releaseCompileClasspath,releaseRuntimeClasspath
androidx.lifecycle:lifecycle-livedata-core:2.7.0=debugCompileClasspath,debugRuntimeClasspath,profileCompileClasspath,profileRuntimeClasspath,releaseCompileClasspath,releaseRuntimeClasspath
androidx.lifecycle:lifecycle-livedata:2.7.0=debugCompileClasspath,debugRuntimeClasspath,profileCompileClasspath,profileRuntimeClasspath,releaseCompileClasspath,releaseRuntimeClasspath
androidx.lifecycle:lifecycle-process:2.7.0=debugCompileClasspath,debugRuntimeClasspath,profileCompileClasspath,profileRuntimeClasspath,releaseCompileClasspath,releaseRuntimeClasspath
androidx.lifecycle:lifecycle-runtime-ktx:2.7.0=debugCompileClasspath,debugRuntimeClasspath,profileCompileClasspath,profileRuntimeClasspath,releaseCompileClasspath,releaseRuntimeClasspath
androidx.lifecycle:lifecycle-runtime:2.7.0=debugCompileClasspath,debugRuntimeClasspath,profileCompileClasspath,profileRuntimeClasspath,releaseCompileClasspath,releaseRuntimeClasspath
androidx.lifecycle:lifecycle-viewmodel-ktx:2.7.0=debugCompileClasspath,debugRuntimeClasspath,profileCompileClasspath,profileRuntimeClasspath,releaseCompileClasspath,releaseRuntimeClasspath
androidx.lifecycle:lifecycle-viewmodel-savedstate:2.7.0=debugCompileClasspath,debugRuntimeClasspath,profileCompileClasspath,profileRuntimeClasspath,releaseCompileClasspath,releaseRuntimeClasspath
androidx.lifecycle:lifecycle-viewmodel:2.7.0=debugCompileClasspath,debugRuntimeClasspath,profileCompileClasspath,profileRuntimeClasspath,releaseCompileClasspath,releaseRuntimeClasspath
androidx.loader:loader:1.0.0=debugCompileClasspath,debugRuntimeClasspath,profileCompileClasspath,profileRuntimeClasspath,releaseCompileClasspath,releaseRuntimeClasspath
androidx.localbroadcastmanager:localbroadcastmanager:1.0.0=debugCompileClasspath,debugRuntimeClasspath,profileCompileClasspath,profileRuntimeClasspath,releaseCompileClasspath,releaseRuntimeClasspath
androidx.preference:preference:1.2.1=debugCompileClasspath,debugRuntimeClasspath,profileCompileClasspath,profileRuntimeClasspath,releaseCompileClasspath,releaseRuntimeClasspath
androidx.print:print:1.0.0=debugCompileClasspath,debugRuntimeClasspath,profileCompileClasspath,profileRuntimeClasspath,releaseCompileClasspath,releaseRuntimeClasspath
androidx.profileinstaller:profileinstaller:1.3.1=debugRuntimeClasspath,profileRuntimeClasspath,releaseRuntimeClasspath
androidx.recyclerview:recyclerview:1.0.0=debugCompileClasspath,debugRuntimeClasspath,profileCompileClasspath,profileRuntimeClasspath,releaseCompileClasspath,releaseRuntimeClasspath
androidx.savedstate:savedstate-ktx:1.2.1=debugCompileClasspath,debugRuntimeClasspath,profileCompileClasspath,profileRuntimeClasspath,releaseCompileClasspath,releaseRuntimeClasspath
androidx.savedstate:savedstate:1.2.1=debugCompileClasspath,debugRuntimeClasspath,profileCompileClasspath,profileRuntimeClasspath,releaseCompileClasspath,releaseRuntimeClasspath
androidx.slidingpanelayout:slidingpanelayout:1.2.0=debugCompileClasspath,debugRuntimeClasspath,profileCompileClasspath,profileRuntimeClasspath,releaseCompileClasspath,releaseRuntimeClasspath
androidx.startup:startup-runtime:1.1.1=debugCompileClasspath,debugRuntimeClasspath,profileCompileClasspath,profileRuntimeClasspath,releaseCompileClasspath,releaseRuntimeClasspath
androidx.swiperefreshlayout:swiperefreshlayout:1.0.0=debugCompileClasspath,debugRuntimeClasspath,profileCompileClasspath,profileRuntimeClasspath,releaseCompileClasspath,releaseRuntimeClasspath
androidx.tracing:tracing:1.2.0=debugCompileClasspath,debugRuntimeClasspath,profileCompileClasspath,profileRuntimeClasspath,releaseCompileClasspath,releaseRuntimeClasspath
androidx.transition:transition:1.4.1=debugRuntimeClasspath,profileRuntimeClasspath,releaseRuntimeClasspath
androidx.vectordrawable:vectordrawable-animated:1.1.0=debugCompileClasspath,debugRuntimeClasspath,profileCompileClasspath,profileRuntimeClasspath,releaseCompileClasspath,releaseRuntimeClasspath
androidx.vectordrawable:vectordrawable:1.1.0=debugCompileClasspath,debugRuntimeClasspath,profileCompileClasspath,profileRuntimeClasspath,releaseCompileClasspath,releaseRuntimeClasspath
androidx.versionedparcelable:versionedparcelable:1.1.1=debugCompileClasspath,debugRuntimeClasspath,profileCompileClasspath,profileRuntimeClasspath,releaseCompileClasspath,releaseRuntimeClasspath
androidx.viewpager:viewpager:1.0.0=debugCompileClasspath,debugRuntimeClasspath,profileCompileClasspath,profileRuntimeClasspath,releaseCompileClasspath,releaseRuntimeClasspath
androidx.window.extensions.core:core:1.0.0=debugRuntimeClasspath,profileRuntimeClasspath,releaseRuntimeClasspath
androidx.window:window-java:1.2.0=debugCompileClasspath,debugRuntimeClasspath,profileCompileClasspath,profileRuntimeClasspath,releaseCompileClasspath,releaseRuntimeClasspath
androidx.window:window:1.2.0=debugCompileClasspath,debugRuntimeClasspath,profileCompileClasspath,profileRuntimeClasspath,releaseCompileClasspath,releaseRuntimeClasspath
com.getkeepsafe.relinker:relinker:1.4.5=debugCompileClasspath,debugRuntimeClasspath,profileCompileClasspath,profileRuntimeClasspath,releaseCompileClasspath,releaseRuntimeClasspath
com.google.guava:listenablefuture:1.0=debugRuntimeClasspath,profileRuntimeClasspath,releaseRuntimeClasspath
com.squareup.okio:okio-jvm:3.4.0=debugCompileClasspath,debugRuntimeClasspath,profileCompileClasspath,profileRuntimeClasspath,releaseCompileClasspath,releaseRuntimeClasspath
com.squareup.okio:okio:3.4.0=debugCompileClasspath,debugRuntimeClasspath,profileCompileClasspath,profileRuntimeClasspath,releaseCompileClasspath,releaseRuntimeClasspath
io.flutter:flutter_embedding_debug:1.0.0-5a2a6a42cce67f965cf540fcecf616faca624aa1=debugCompileClasspath,debugRuntimeClasspath
io.flutter:flutter_embedding_profile:1.0.0-5a2a6a42cce67f965cf540fcecf616faca624aa1=profileCompileClasspath,profileRuntimeClasspath
io.flutter:flutter_embedding_release:1.0.0-5a2a6a42cce67f965cf540fcecf616faca624aa1=releaseCompileClasspath,releaseRuntimeClasspath
org.jetbrains.kotlin:kotlin-android-extensions-runtime:1.9.22=debugRuntimeClasspath,profileRuntimeClasspath,releaseRuntimeClasspath
org.jetbrains.kotlin:kotlin-parcelize-runtime:1.9.22=debugRuntimeClasspath,profileRuntimeClasspath,releaseRuntimeClasspath
org.jetbrains.kotlin:kotlin-stdlib-common:2.2.10=debugCompileClasspath,profileCompileClasspath,releaseCompileClasspath
org.jetbrains.kotlin:kotlin-stdlib-jdk7:1.8.20=debugCompileClasspath,debugRuntimeClasspath,profileCompileClasspath,profileRuntimeClasspath,releaseCompileClasspath,releaseRuntimeClasspath
org.jetbrains.kotlin:kotlin-stdlib-jdk8:1.8.20=debugCompileClasspath,debugRuntimeClasspath,profileCompileClasspath,profileRuntimeClasspath,releaseCompileClasspath,releaseRuntimeClasspath
org.jetbrains.kotlin:kotlin-stdlib:2.2.10=debugCompileClasspath,debugRuntimeClasspath,profileCompileClasspath,profileRuntimeClasspath,releaseCompileClasspath,releaseRuntimeClasspath
org.jetbrains.kotlinx:kotlinx-coroutines-android:1.7.3=debugCompileClasspath,debugRuntimeClasspath,profileCompileClasspath,profileRuntimeClasspath,releaseCompileClasspath,releaseRuntimeClasspath
org.jetbrains.kotlinx:kotlinx-coroutines-bom:1.7.3=debugCompileClasspath,debugRuntimeClasspath,profileCompileClasspath,profileRuntimeClasspath,releaseCompileClasspath,releaseRuntimeClasspath
org.jetbrains.kotlinx:kotlinx-coroutines-core-jvm:1.7.3=debugCompileClasspath,debugRuntimeClasspath,profileCompileClasspath,profileRuntimeClasspath,releaseCompileClasspath,releaseRuntimeClasspath
org.jetbrains.kotlinx:kotlinx-coroutines-core:1.7.3=debugCompileClasspath,debugRuntimeClasspath,profileCompileClasspath,profileRuntimeClasspath,releaseCompileClasspath,releaseRuntimeClasspath
org.jetbrains:annotations:23.0.0=debugCompileClasspath,debugRuntimeClasspath,profileCompileClasspath,profileRuntimeClasspath,releaseCompileClasspath,releaseRuntimeClasspath
org.jspecify:jspecify:1.0.0=debugCompileClasspath,debugRuntimeClasspath,profileCompileClasspath,profileRuntimeClasspath,releaseCompileClasspath,releaseRuntimeClasspath
empty=
