PODS:
  - Flutter (1.0.0)
  - flutter_secure_storage_legacy (6.0.0):
    - Flutter
  - flutter_zxing (0.0.1):
    - Flutter
  - payjoin_flutter (0.20.0)
  - permission_handler_apple (9.3.0):
    - Flutter
  - rust_lib_bull_sdk (0.0.1):
    - Flutter
  - tor (0.0.1):
    - Flutter
  - webview_cookie_manager (0.0.1):
    - Flutter
  - workmanager_apple (0.0.1):
    - Flutter

DEPENDENCIES:
  - Flutter (from `Flutter`)
  - flutter_secure_storage_legacy (from `.symlinks/plugins/flutter_secure_storage_legacy/ios`)
  - flutter_zxing (from `.symlinks/plugins/flutter_zxing/ios`)
  - payjoin_flutter (from `.symlinks/plugins/payjoin_flutter/ios`)
  - permission_handler_apple (from `.symlinks/plugins/permission_handler_apple/ios`)
  - rust_lib_bull_sdk (from `.symlinks/plugins/rust_lib_bull_sdk/ios`)
  - tor (from `.symlinks/plugins/tor/ios`)
  - webview_cookie_manager (from `.symlinks/plugins/webview_cookie_manager/ios`)
  - workmanager_apple (from `.symlinks/plugins/workmanager_apple/ios`)

EXTERNAL SOURCES:
  Flutter:
    :path: Flutter
  flutter_secure_storage_legacy:
    :path: ".symlinks/plugins/flutter_secure_storage_legacy/ios"
  flutter_zxing:
    :path: ".symlinks/plugins/flutter_zxing/ios"
  payjoin_flutter:
    :path: ".symlinks/plugins/payjoin_flutter/ios"
  permission_handler_apple:
    :path: ".symlinks/plugins/permission_handler_apple/ios"
  rust_lib_bull_sdk:
    :path: ".symlinks/plugins/rust_lib_bull_sdk/ios"
  tor:
    :path: ".symlinks/plugins/tor/ios"
  webview_cookie_manager:
    :path: ".symlinks/plugins/webview_cookie_manager/ios"
  workmanager_apple:
    :path: ".symlinks/plugins/workmanager_apple/ios"

SPEC CHECKSUMS:
  Flutter: cabc95a1d2626b1b06e7179b784ebcf0c0cde467
  flutter_secure_storage_legacy: 2b1517bd98433d760370884d3e2cc3ed8eeb2538
  flutter_zxing: e8bcc43bd3056c70c271b732ed94e7a16fd62f93
  payjoin_flutter: 6397d7b698cdad6453be4949ab6aca1863f6c5e5
  permission_handler_apple: 4ed2196e43d0651e8ff7ca3483a069d469701f2d
  rust_lib_bull_sdk: 160980033dfde220ad447a6dffa22d4269f8ea6c
  tor: 767208930250ef7be241963b75568c55c0a81890
  webview_cookie_manager: d63a76cabdf42a7ea3d92768ac67d4853a1367f8
  workmanager_apple: 904529ae31e97fc5be632cf628507652294a0778

PODFILE CHECKSUM: b9aa080c2a42d4d61d216015adddd3850778d844

COCOAPODS: 1.16.2
