PODS:
  - bull_tor (0.0.1):
    - Flutter
  - Flutter (1.0.0)
  - flutter_secure_storage_legacy (6.0.0):
    - Flutter
  - IPtProxy (5.5.1)
  - onion (0.1.0):
    - Flutter
    - IPtProxy (= 5.5.1)
  - rust_lib_bull_sdk (0.0.1):
    - Flutter
  - universal_ble (0.0.1):
    - Flutter
    - FlutterMacOS
  - webview_cookie_manager (0.0.1):
    - Flutter

DEPENDENCIES:
  - bull_tor (from `.symlinks/plugins/bull_tor/ios`)
  - Flutter (from `Flutter`)
  - flutter_secure_storage_legacy (from `.symlinks/plugins/flutter_secure_storage_legacy/ios`)
  - onion (from `.symlinks/plugins/onion/ios`)
  - rust_lib_bull_sdk (from `.symlinks/plugins/rust_lib_bull_sdk/ios`)
  - universal_ble (from `.symlinks/plugins/universal_ble/darwin`)
  - webview_cookie_manager (from `.symlinks/plugins/webview_cookie_manager/ios`)

SPEC REPOS:
  trunk:
    - IPtProxy

EXTERNAL SOURCES:
  bull_tor:
    :path: ".symlinks/plugins/bull_tor/ios"
  Flutter:
    :path: Flutter
  flutter_secure_storage_legacy:
    :path: ".symlinks/plugins/flutter_secure_storage_legacy/ios"
  onion:
    :path: ".symlinks/plugins/onion/ios"
  rust_lib_bull_sdk:
    :path: ".symlinks/plugins/rust_lib_bull_sdk/ios"
  universal_ble:
    :path: ".symlinks/plugins/universal_ble/darwin"
  webview_cookie_manager:
    :path: ".symlinks/plugins/webview_cookie_manager/ios"

SPEC CHECKSUMS:
  bull_tor: 42b093bd4750917fa887f50c7cbbc4d3a9ca557a
  Flutter: cabc95a1d2626b1b06e7179b784ebcf0c0cde467
  flutter_secure_storage_legacy: a315f1c83d88e9490f44a269454281a2c9b2c160
  IPtProxy: c4c20975d2c793222b7a9e0dc3855818b5f1181f
  onion: e647bd29c5650e3fb768cc2165e1e746f9cb6dc3
  rust_lib_bull_sdk: 6bdd9a2254b376e910a31340e03bf2db56c637db
  universal_ble: 65e1257dffc557cc7991a93d253beeddc7c1dc92
  webview_cookie_manager: eaf920722b493bd0f7611b5484771ca53fed03f7

PODFILE CHECKSUM: 57721febcc4eb8705754804ee8553d269d7fc0cb

COCOAPODS: 1.17.0
